// !$*UTF8*$!
{
	archiveVersion = 1;
	classes = {
	};
	objectVersion = 51;
	objects = {

/* Begin PBXBuildFile section */
		BE0AB9E6265C9E4A0057BDC4 /* LoginWebViewController.swift in Sources */ = {isa = PBXBuildFile; fileRef = BE0AB9E5265C9E490057BDC4 /* LoginWebViewController.swift */; };
		BE0AB9E8265CBB390057BDC4 /* NetworkingService.swift in Sources */ = {isa = PBXBuildFile; fileRef = BE0AB9E7265CBB390057BDC4 /* NetworkingService.swift */; };
		BE21956B26205B8800ED9259 /* PhotoCollectionViewCell.swift in Sources */ = {isa = PBXBuildFile; fileRef = BE21956926205B8800ED9259 /* PhotoCollectionViewCell.swift */; };
		BE21956C26205B8800ED9259 /* PhotoCollectionViewCell.xib in Resources */ = {isa = PBXBuildFile; fileRef = BE21956A26205B8800ED9259 /* PhotoCollectionViewCell.xib */; };
		BE26FDE02641A54500049E76 /* NewsCell.swift in Sources */ = {isa = PBXBuildFile; fileRef = BE26FDDE2641A54500049E76 /* NewsCell.swift */; };
		BE26FDE12641A54500049E76 /* NewsCell.xib in Resources */ = {isa = PBXBuildFile; fileRef = BE26FDDF2641A54500049E76 /* NewsCell.xib */; };
		BE5468BA265F5E9B007BDC52 /* Group.swift in Sources */ = {isa = PBXBuildFile; fileRef = BE5468B9265F5E9B007BDC52 /* Group.swift */; };
		BE7BF56D2658A4C4005A6718 /* SessionApp.swift in Sources */ = {isa = PBXBuildFile; fileRef = BE7BF56C2658A4C4005A6718 /* SessionApp.swift */; };
		BE7CBFA22620744A00A61DD4 /* GroupsTableViewController.swift in Sources */ = {isa = PBXBuildFile; fileRef = BE7CBFA12620744A00A61DD4 /* GroupsTableViewController.swift */; };
		BE7CBFA62620749D00A61DD4 /* GroupTableViewCell.swift in Sources */ = {isa = PBXBuildFile; fileRef = BE7CBFA42620749D00A61DD4 /* GroupTableViewCell.swift */; };
		BE7CBFAB2620807F00A61DD4 /* SearchTableViewController.swift in Sources */ = {isa = PBXBuildFile; fileRef = BE7CBFAA2620807F00A61DD4 /* SearchTableViewController.swift */; };
		BE7CBFBA2620835000A61DD4 /* DataStorage.swift in Sources */ = {isa = PBXBuildFile; fileRef = BE7CBFB92620835000A61DD4 /* DataStorage.swift */; };
		BE7CBFBE262084BC00A61DD4 /* Groups.swift in Sources */ = {isa = PBXBuildFile; fileRef = BE7CBFBD262084BC00A61DD4 /* Groups.swift */; };
		BE861F8B263B43FF00FF9678 /* InteractiveTransition.swift in Sources */ = {isa = PBXBuildFile; fileRef = BE861F8A263B43FF00FF9678 /* InteractiveTransition.swift */; };
		BE8A1552262C27BF009B627C /* FriendViewController.swift in Sources */ = {isa = PBXBuildFile; fileRef = BE8A1551262C27BF009B627C /* FriendViewController.swift */; };
		BE9BE83F2620540500B5C86F /* FriendTableViewCell.swift in Sources */ = {isa = PBXBuildFile; fileRef = BE9BE83D2620540500B5C86F /* FriendTableViewCell.swift */; };
		BEA05A28265D53BB00D1C2DE /* NetworkingConstans.swift in Sources */ = {isa = PBXBuildFile; fileRef = BEA05A27265D53BB00D1C2DE /* NetworkingConstans.swift */; };
		BEA3013D2618E7ED00259CF1 /* AppDelegate.swift in Sources */ = {isa = PBXBuildFile; fileRef = BEA3013C2618E7ED00259CF1 /* AppDelegate.swift */; };
		BEA3013F2618E7ED00259CF1 /* SceneDelegate.swift in Sources */ = {isa = PBXBuildFile; fileRef = BEA3013E2618E7ED00259CF1 /* SceneDelegate.swift */; };
		BEA301412618E7ED00259CF1 /* LoginViewController.swift in Sources */ = {isa = PBXBuildFile; fileRef = BEA301402618E7ED00259CF1 /* LoginViewController.swift */; };
		BEA301442618E7ED00259CF1 /* Main.storyboard in Resources */ = {isa = PBXBuildFile; fileRef = BEA301422618E7ED00259CF1 /* Main.storyboard */; };
		BEA301462618E7EF00259CF1 /* Assets.xcassets in Resources */ = {isa = PBXBuildFile; fileRef = BEA301452618E7EF00259CF1 /* Assets.xcassets */; };
		BEA301492618E7EF00259CF1 /* LaunchScreen.storyboard in Resources */ = {isa = PBXBuildFile; fileRef = BEA301472618E7EF00259CF1 /* LaunchScreen.storyboard */; };
		BEB4297926786509000DC5EA /* FirebaseStore.swift in Sources */ = {isa = PBXBuildFile; fileRef = BEB4297826786509000DC5EA /* FirebaseStore.swift */; };
		BEB4297B2678A95B000DC5EA /* GroupFB.swift in Sources */ = {isa = PBXBuildFile; fileRef = BEB4297A2678A95B000DC5EA /* GroupFB.swift */; };
		BEB42981267DF2BD000DC5EA /* FriendsPresenter.swift in Sources */ = {isa = PBXBuildFile; fileRef = BEB42980267DF2BD000DC5EA /* FriendsPresenter.swift */; };
		BEB42987267E3EAA000DC5EA /* GroupsPresenter.swift in Sources */ = {isa = PBXBuildFile; fileRef = BEB42986267E3EAA000DC5EA /* GroupsPresenter.swift */; };
		BEB4298D267E4A75000DC5EA /* PhotosPresenter.swift in Sources */ = {isa = PBXBuildFile; fileRef = BEB4298C267E4A75000DC5EA /* PhotosPresenter.swift */; };
		BEB42993267E55B2000DC5EA /* SearchGroupsPresenter.swift in Sources */ = {isa = PBXBuildFile; fileRef = BEB42992267E55B2000DC5EA /* SearchGroupsPresenter.swift */; };
		BEB42999267E5CDF000DC5EA /* LoginPresenter.swift in Sources */ = {isa = PBXBuildFile; fileRef = BEB42998267E5CDF000DC5EA /* LoginPresenter.swift */; };
		BEB4299F26811561000DC5EA /* NewsPresenter.swift in Sources */ = {isa = PBXBuildFile; fileRef = BEB4299E26811561000DC5EA /* NewsPresenter.swift */; };
		BEB429A12681159B000DC5EA /* News.swift in Sources */ = {isa = PBXBuildFile; fileRef = BEB429A02681159B000DC5EA /* News.swift */; };
		BEB4337C266BE67100EDB74F /* RealmManager.swift in Sources */ = {isa = PBXBuildFile; fileRef = BEB4337B266BE67100EDB74F /* RealmManager.swift */; };
		BEB8A458261C4D1B004CD850 /* First.storyboard in Resources */ = {isa = PBXBuildFile; fileRef = BEB8A457261C4D1B004CD850 /* First.storyboard */; };
		BEB8A45C261C4D34004CD850 /* Second.storyboard in Resources */ = {isa = PBXBuildFile; fileRef = BEB8A45B261C4D34004CD850 /* Second.storyboard */; };
		BEBD93CC2677DEA60010B5F8 /* GoogleService-Info.plist in Resources */ = {isa = PBXBuildFile; fileRef = BEBD93CB2677DEA60010B5F8 /* GoogleService-Info.plist */; };
		BEDB752E2632E0CE00F89977 /* LoadingViewController.swift in Sources */ = {isa = PBXBuildFile; fileRef = BEDB752D2632E0CE00F89977 /* LoadingViewController.swift */; };
		BEDC5330263AA20A00DF55AE /* CustomNavigationController.swift in Sources */ = {isa = PBXBuildFile; fileRef = BEDC532F263AA20A00DF55AE /* CustomNavigationController.swift */; };
		BEDC5332263AA28D00DF55AE /* PushAnimator.swift in Sources */ = {isa = PBXBuildFile; fileRef = BEDC5331263AA28D00DF55AE /* PushAnimator.swift */; };
		BEDC5334263AABAE00DF55AE /* PopAnimator.swift in Sources */ = {isa = PBXBuildFile; fileRef = BEDC5333263AABAE00DF55AE /* PopAnimator.swift */; };
		BEEA83CC262EE2860029C997 /* Third.storyboard in Resources */ = {isa = PBXBuildFile; fileRef = BEEA83CB262EE2860029C997 /* Third.storyboard */; };
		BEEA83D1262EE3680029C997 /* NewsViewController.swift in Sources */ = {isa = PBXBuildFile; fileRef = BEEA83D0262EE3680029C997 /* NewsViewController.swift */; };
		BEEA83D6262EE3C10029C997 /* NewsTableViewCell.swift in Sources */ = {isa = PBXBuildFile; fileRef = BEEA83D4262EE3C10029C997 /* NewsTableViewCell.swift */; };
		BEEA83D7262EE3C10029C997 /* NewsTableViewCell.xib in Resources */ = {isa = PBXBuildFile; fileRef = BEEA83D5262EE3C10029C997 /* NewsTableViewCell.xib */; };
		BEF2CB82265E54AA0063ED2B /* User.swift in Sources */ = {isa = PBXBuildFile; fileRef = BEF2CB81265E54AA0063ED2B /* User.swift */; };
		BEF2CB84265E8F160063ED2B /* Photo.swift in Sources */ = {isa = PBXBuildFile; fileRef = BEF2CB83265E8F160063ED2B /* Photo.swift */; };
		BEF4682726341EE500E6C7DD /* PhotosViewController.swift in Sources */ = {isa = PBXBuildFile; fileRef = BEF4682626341EE500E6C7DD /* PhotosViewController.swift */; };
		C1F3AEA98333627BC04CBDA8 /* Pods_GrishaVinyarFirst.framework in Frameworks */ = {isa = PBXBuildFile; fileRef = AFAF5C88AAFB2BB2800E2D33 /* Pods_GrishaVinyarFirst.framework */; };
/* End PBXBuildFile section */

/* Begin PBXFileReference section */
		9CBF85E77667C8769ECA72F4 /* Pods-GrishaVinyarFirst.debug.xcconfig */ = {isa = PBXFileReference; includeInIndex = 1; lastKnownFileType = text.xcconfig; name = "Pods-GrishaVinyarFirst.debug.xcconfig"; path = "Target Support Files/Pods-GrishaVinyarFirst/Pods-GrishaVinyarFirst.debug.xcconfig"; sourceTree = "<group>"; };
		AFAF5C88AAFB2BB2800E2D33 /* Pods_GrishaVinyarFirst.framework */ = {isa = PBXFileReference; explicitFileType = wrapper.framework; includeInIndex = 0; path = Pods_GrishaVinyarFirst.framework; sourceTree = BUILT_PRODUCTS_DIR; };
		BE0AB9E5265C9E490057BDC4 /* LoginWebViewController.swift */ = {isa = PBXFileReference; lastKnownFileType = sourcecode.swift; path = LoginWebViewController.swift; sourceTree = "<group>"; };
		BE0AB9E7265CBB390057BDC4 /* NetworkingService.swift */ = {isa = PBXFileReference; lastKnownFileType = sourcecode.swift; path = NetworkingService.swift; sourceTree = "<group>"; };
		BE21956926205B8800ED9259 /* PhotoCollectionViewCell.swift */ = {isa = PBXFileReference; lastKnownFileType = sourcecode.swift; path = PhotoCollectionViewCell.swift; sourceTree = "<group>"; };
		BE21956A26205B8800ED9259 /* PhotoCollectionViewCell.xib */ = {isa = PBXFileReference; lastKnownFileType = file.xib; path = PhotoCollectionViewCell.xib; sourceTree = "<group>"; };
		BE26FDDE2641A54500049E76 /* NewsCell.swift */ = {isa = PBXFileReference; lastKnownFileType = sourcecode.swift; path = NewsCell.swift; sourceTree = "<group>"; };
		BE26FDDF2641A54500049E76 /* NewsCell.xib */ = {isa = PBXFileReference; lastKnownFileType = file.xib; path = NewsCell.xib; sourceTree = "<group>"; };
		BE5468B9265F5E9B007BDC52 /* Group.swift */ = {isa = PBXFileReference; lastKnownFileType = sourcecode.swift; path = Group.swift; sourceTree = "<group>"; };
		BE7BF56C2658A4C4005A6718 /* SessionApp.swift */ = {isa = PBXFileReference; lastKnownFileType = sourcecode.swift; path = SessionApp.swift; sourceTree = "<group>"; };
		BE7CBFA12620744A00A61DD4 /* GroupsTableViewController.swift */ = {isa = PBXFileReference; lastKnownFileType = sourcecode.swift; path = GroupsTableViewController.swift; sourceTree = "<group>"; };
		BE7CBFA42620749D00A61DD4 /* GroupTableViewCell.swift */ = {isa = PBXFileReference; lastKnownFileType = sourcecode.swift; path = GroupTableViewCell.swift; sourceTree = "<group>"; };
		BE7CBFAA2620807F00A61DD4 /* SearchTableViewController.swift */ = {isa = PBXFileReference; lastKnownFileType = sourcecode.swift; path = SearchTableViewController.swift; sourceTree = "<group>"; };
		BE7CBFB92620835000A61DD4 /* DataStorage.swift */ = {isa = PBXFileReference; lastKnownFileType = sourcecode.swift; path = DataStorage.swift; sourceTree = "<group>"; };
		BE7CBFBD262084BC00A61DD4 /* Groups.swift */ = {isa = PBXFileReference; lastKnownFileType = sourcecode.swift; path = Groups.swift; sourceTree = "<group>"; };
		BE861F8A263B43FF00FF9678 /* InteractiveTransition.swift */ = {isa = PBXFileReference; lastKnownFileType = sourcecode.swift; path = InteractiveTransition.swift; sourceTree = "<group>"; };
		BE8A1551262C27BF009B627C /* FriendViewController.swift */ = {isa = PBXFileReference; lastKnownFileType = sourcecode.swift; path = FriendViewController.swift; sourceTree = "<group>"; };
		BE9BE83D2620540500B5C86F /* FriendTableViewCell.swift */ = {isa = PBXFileReference; lastKnownFileType = sourcecode.swift; path = FriendTableViewCell.swift; sourceTree = "<group>"; };
		BEA05A27265D53BB00D1C2DE /* NetworkingConstans.swift */ = {isa = PBXFileReference; lastKnownFileType = sourcecode.swift; path = NetworkingConstans.swift; sourceTree = "<group>"; };
		BEA301392618E7ED00259CF1 /* GrishaVinyarFirst.app */ = {isa = PBXFileReference; explicitFileType = wrapper.application; includeInIndex = 0; path = GrishaVinyarFirst.app; sourceTree = BUILT_PRODUCTS_DIR; };
		BEA3013C2618E7ED00259CF1 /* AppDelegate.swift */ = {isa = PBXFileReference; lastKnownFileType = sourcecode.swift; path = AppDelegate.swift; sourceTree = "<group>"; };
		BEA3013E2618E7ED00259CF1 /* SceneDelegate.swift */ = {isa = PBXFileReference; lastKnownFileType = sourcecode.swift; path = SceneDelegate.swift; sourceTree = "<group>"; };
		BEA301402618E7ED00259CF1 /* LoginViewController.swift */ = {isa = PBXFileReference; lastKnownFileType = sourcecode.swift; path = LoginViewController.swift; sourceTree = "<group>"; };
		BEA301432618E7ED00259CF1 /* Base */ = {isa = PBXFileReference; lastKnownFileType = file.storyboard; name = Base; path = Base.lproj/Main.storyboard; sourceTree = "<group>"; };
		BEA301452618E7EF00259CF1 /* Assets.xcassets */ = {isa = PBXFileReference; lastKnownFileType = folder.assetcatalog; path = Assets.xcassets; sourceTree = "<group>"; };
		BEA301482618E7EF00259CF1 /* Base */ = {isa = PBXFileReference; lastKnownFileType = file.storyboard; name = Base; path = Base.lproj/LaunchScreen.storyboard; sourceTree = "<group>"; };
		BEA3014A2618E7EF00259CF1 /* Info.plist */ = {isa = PBXFileReference; lastKnownFileType = text.plist.xml; path = Info.plist; sourceTree = "<group>"; };
		BEB4297826786509000DC5EA /* FirebaseStore.swift */ = {isa = PBXFileReference; lastKnownFileType = sourcecode.swift; path = FirebaseStore.swift; sourceTree = "<group>"; };
		BEB4297A2678A95B000DC5EA /* GroupFB.swift */ = {isa = PBXFileReference; lastKnownFileType = sourcecode.swift; path = GroupFB.swift; sourceTree = "<group>"; };
		BEB42980267DF2BD000DC5EA /* FriendsPresenter.swift */ = {isa = PBXFileReference; lastKnownFileType = sourcecode.swift; path = FriendsPresenter.swift; sourceTree = "<group>"; };
		BEB42986267E3EAA000DC5EA /* GroupsPresenter.swift */ = {isa = PBXFileReference; lastKnownFileType = sourcecode.swift; path = GroupsPresenter.swift; sourceTree = "<group>"; };
		BEB4298C267E4A75000DC5EA /* PhotosPresenter.swift */ = {isa = PBXFileReference; lastKnownFileType = sourcecode.swift; path = PhotosPresenter.swift; sourceTree = "<group>"; };
		BEB42992267E55B2000DC5EA /* SearchGroupsPresenter.swift */ = {isa = PBXFileReference; lastKnownFileType = sourcecode.swift; path = SearchGroupsPresenter.swift; sourceTree = "<group>"; };
		BEB42998267E5CDF000DC5EA /* LoginPresenter.swift */ = {isa = PBXFileReference; lastKnownFileType = sourcecode.swift; path = LoginPresenter.swift; sourceTree = "<group>"; };
		BEB4299E26811561000DC5EA /* NewsPresenter.swift */ = {isa = PBXFileReference; lastKnownFileType = sourcecode.swift; path = NewsPresenter.swift; sourceTree = "<group>"; };
		BEB429A02681159B000DC5EA /* News.swift */ = {isa = PBXFileReference; lastKnownFileType = sourcecode.swift; path = News.swift; sourceTree = "<group>"; };
		BEB4337B266BE67100EDB74F /* RealmManager.swift */ = {isa = PBXFileReference; lastKnownFileType = sourcecode.swift; path = RealmManager.swift; sourceTree = "<group>"; };
		BEB8A457261C4D1B004CD850 /* First.storyboard */ = {isa = PBXFileReference; lastKnownFileType = file.storyboard; path = First.storyboard; sourceTree = "<group>"; };
		BEB8A45B261C4D34004CD850 /* Second.storyboard */ = {isa = PBXFileReference; lastKnownFileType = file.storyboard; path = Second.storyboard; sourceTree = "<group>"; };
		BEBD93CB2677DEA60010B5F8 /* GoogleService-Info.plist */ = {isa = PBXFileReference; fileEncoding = 4; lastKnownFileType = text.plist.xml; path = "GoogleService-Info.plist"; sourceTree = "<group>"; };
		BEDB752D2632E0CE00F89977 /* LoadingViewController.swift */ = {isa = PBXFileReference; lastKnownFileType = sourcecode.swift; path = LoadingViewController.swift; sourceTree = "<group>"; };
		BEDC532F263AA20A00DF55AE /* CustomNavigationController.swift */ = {isa = PBXFileReference; lastKnownFileType = sourcecode.swift; path = CustomNavigationController.swift; sourceTree = "<group>"; };
		BEDC5331263AA28D00DF55AE /* PushAnimator.swift */ = {isa = PBXFileReference; lastKnownFileType = sourcecode.swift; path = PushAnimator.swift; sourceTree = "<group>"; };
		BEDC5333263AABAE00DF55AE /* PopAnimator.swift */ = {isa = PBXFileReference; lastKnownFileType = sourcecode.swift; path = PopAnimator.swift; sourceTree = "<group>"; };
		BEEA83CB262EE2860029C997 /* Third.storyboard */ = {isa = PBXFileReference; lastKnownFileType = file.storyboard; path = Third.storyboard; sourceTree = "<group>"; };
		BEEA83D0262EE3680029C997 /* NewsViewController.swift */ = {isa = PBXFileReference; lastKnownFileType = sourcecode.swift; path = NewsViewController.swift; sourceTree = "<group>"; };
		BEEA83D4262EE3C10029C997 /* NewsTableViewCell.swift */ = {isa = PBXFileReference; lastKnownFileType = sourcecode.swift; path = NewsTableViewCell.swift; sourceTree = "<group>"; };
		BEEA83D5262EE3C10029C997 /* NewsTableViewCell.xib */ = {isa = PBXFileReference; lastKnownFileType = file.xib; path = NewsTableViewCell.xib; sourceTree = "<group>"; };
		BEF2CB81265E54AA0063ED2B /* User.swift */ = {isa = PBXFileReference; lastKnownFileType = sourcecode.swift; path = User.swift; sourceTree = "<group>"; };
		BEF2CB83265E8F160063ED2B /* Photo.swift */ = {isa = PBXFileReference; lastKnownFileType = sourcecode.swift; path = Photo.swift; sourceTree = "<group>"; };
		BEF4682626341EE500E6C7DD /* PhotosViewController.swift */ = {isa = PBXFileReference; lastKnownFileType = sourcecode.swift; path = PhotosViewController.swift; sourceTree = "<group>"; };
		C0B73B7B6DF8AAF7AFB1564D /* Pods-GrishaVinyarFirst.release.xcconfig */ = {isa = PBXFileReference; includeInIndex = 1; lastKnownFileType = text.xcconfig; name = "Pods-GrishaVinyarFirst.release.xcconfig"; path = "Target Support Files/Pods-GrishaVinyarFirst/Pods-GrishaVinyarFirst.release.xcconfig"; sourceTree = "<group>"; };
/* End PBXFileReference section */

/* Begin PBXFrameworksBuildPhase section */
		BEA301362618E7EC00259CF1 /* Frameworks */ = {
			isa = PBXFrameworksBuildPhase;
			buildActionMask = 2147483647;
			files = (
				C1F3AEA98333627BC04CBDA8 /* Pods_GrishaVinyarFirst.framework in Frameworks */,
			);
			runOnlyForDeploymentPostprocessing = 0;
		};
/* End PBXFrameworksBuildPhase section */

/* Begin PBXGroup section */
		93E9249CE793D10BEFD39FBD /* Pods */ = {
			isa = PBXGroup;
			children = (
				9CBF85E77667C8769ECA72F4 /* Pods-GrishaVinyarFirst.debug.xcconfig */,
				C0B73B7B6DF8AAF7AFB1564D /* Pods-GrishaVinyarFirst.release.xcconfig */,
			);
			path = Pods;
			sourceTree = "<group>";
		};
		BE04F5432637EDF0000FD010 /* Login */ = {
			isa = PBXGroup;
			children = (
				BEA301402618E7ED00259CF1 /* LoginViewController.swift */,
			);
			path = Login;
			sourceTree = "<group>";
		};
		BE04F5442637EE10000FD010 /* System */ = {
			isa = PBXGroup;
			children = (
				BEA3013C2618E7ED00259CF1 /* AppDelegate.swift */,
				BEA3013E2618E7ED00259CF1 /* SceneDelegate.swift */,
			);
			path = System;
			sourceTree = "<group>";
		};
		BE515785261E2190000B3D8B /* Storyboards */ = {
			isa = PBXGroup;
			children = (
				BEA301422618E7ED00259CF1 /* Main.storyboard */,
				BEB8A457261C4D1B004CD850 /* First.storyboard */,
				BEB8A45B261C4D34004CD850 /* Second.storyboard */,
				BEEA83CB262EE2860029C997 /* Third.storyboard */,
				BEA301472618E7EF00259CF1 /* LaunchScreen.storyboard */,
			);
			path = Storyboards;
			sourceTree = "<group>";
		};
		BE7BF56B2658A49C005A6718 /* ServiceLayer */ = {
			isa = PBXGroup;
			children = (
				BE7BF56C2658A4C4005A6718 /* SessionApp.swift */,
				BE0AB9E7265CBB390057BDC4 /* NetworkingService.swift */,
				BEA05A27265D53BB00D1C2DE /* NetworkingConstans.swift */,
				BEB4337B266BE67100EDB74F /* RealmManager.swift */,
				BEB4297826786509000DC5EA /* FirebaseStore.swift */,
				BE7CBFB92620835000A61DD4 /* DataStorage.swift */,
			);
			path = ServiceLayer;
			sourceTree = "<group>";
		};
		BE861F88263B42A700FF9678 /* Animation Controllers */ = {
			isa = PBXGroup;
			children = (
				BEDC5331263AA28D00DF55AE /* PushAnimator.swift */,
				BEDC5333263AABAE00DF55AE /* PopAnimator.swift */,
			);
			path = "Animation Controllers";
			sourceTree = "<group>";
		};
		BE861F89263B42D800FF9678 /* CustomViewControllers */ = {
			isa = PBXGroup;
			children = (
				BEDC532F263AA20A00DF55AE /* CustomNavigationController.swift */,
			);
			path = CustomViewControllers;
			sourceTree = "<group>";
		};
		BEA301302618E7EC00259CF1 = {
			isa = PBXGroup;
			children = (
				BEA3013B2618E7ED00259CF1 /* GrishaVinyarFirst */,
				BEA3013A2618E7ED00259CF1 /* Products */,
				93E9249CE793D10BEFD39FBD /* Pods */,
				E74ADD7EEF076CCA12A83685 /* Frameworks */,
			);
			sourceTree = "<group>";
		};
		BEA3013A2618E7ED00259CF1 /* Products */ = {
			isa = PBXGroup;
			children = (
				BEA301392618E7ED00259CF1 /* GrishaVinyarFirst.app */,
			);
			name = Products;
			sourceTree = "<group>";
		};
		BEA3013B2618E7ED00259CF1 /* GrishaVinyarFirst */ = {
			isa = PBXGroup;
			children = (
				BEB4299A26811527000DC5EA /* NewsModule */,
				BEB42994267E5C8B000DC5EA /* LoginModule */,
				BEB4298E267E5492000DC5EA /* SearchGroupsModule */,
				BEB42988267E49F8000DC5EA /* PhotosModule */,
				BEB42982267E3E33000DC5EA /* GroupsModule */,
				BEB4297C267DEC11000DC5EA /* FriendsModule */,
				BE7BF56B2658A49C005A6718 /* ServiceLayer */,
				BE04F5442637EE10000FD010 /* System */,
				BEFB9EAB2649655E00DE1678 /* Controllers */,
				BE515785261E2190000B3D8B /* Storyboards */,
				BEA301452618E7EF00259CF1 /* Assets.xcassets */,
				BEA3014A2618E7EF00259CF1 /* Info.plist */,
				BEBD93CB2677DEA60010B5F8 /* GoogleService-Info.plist */,
			);
			path = GrishaVinyarFirst;
			sourceTree = "<group>";
		};
		BEB4297C267DEC11000DC5EA /* FriendsModule */ = {
			isa = PBXGroup;
			children = (
				BEB4297E267DEC5F000DC5EA /* Model */,
				BEB4297D267DEC32000DC5EA /* View */,
				BEB4297F267DEF2F000DC5EA /* Presenter */,
			);
			path = FriendsModule;
			sourceTree = "<group>";
		};
		BEB4297D267DEC32000DC5EA /* View */ = {
			isa = PBXGroup;
			children = (
				BE8A1551262C27BF009B627C /* FriendViewController.swift */,
				BE9BE83D2620540500B5C86F /* FriendTableViewCell.swift */,
			);
			path = View;
			sourceTree = "<group>";
		};
		BEB4297E267DEC5F000DC5EA /* Model */ = {
			isa = PBXGroup;
			children = (
				BEF2CB81265E54AA0063ED2B /* User.swift */,
			);
			path = Model;
			sourceTree = "<group>";
		};
		BEB4297F267DEF2F000DC5EA /* Presenter */ = {
			isa = PBXGroup;
			children = (
				BEB42980267DF2BD000DC5EA /* FriendsPresenter.swift */,
			);
			path = Presenter;
			sourceTree = "<group>";
		};
		BEB42982267E3E33000DC5EA /* GroupsModule */ = {
			isa = PBXGroup;
			children = (
				BEB42985267E3E62000DC5EA /* Model */,
				BEB42984267E3E58000DC5EA /* View */,
				BEB42983267E3E4B000DC5EA /* Presenter */,
			);
			path = GroupsModule;
			sourceTree = "<group>";
		};
		BEB42983267E3E4B000DC5EA /* Presenter */ = {
			isa = PBXGroup;
			children = (
				BEB42986267E3EAA000DC5EA /* GroupsPresenter.swift */,
			);
			path = Presenter;
			sourceTree = "<group>";
		};
		BEB42984267E3E58000DC5EA /* View */ = {
			isa = PBXGroup;
			children = (
				BE7CBFA12620744A00A61DD4 /* GroupsTableViewController.swift */,
				BE7CBFA42620749D00A61DD4 /* GroupTableViewCell.swift */,
			);
			path = View;
			sourceTree = "<group>";
		};
		BEB42985267E3E62000DC5EA /* Model */ = {
			isa = PBXGroup;
			children = (
				BE5468B9265F5E9B007BDC52 /* Group.swift */,
				BEB4297A2678A95B000DC5EA /* GroupFB.swift */,
				BE7CBFBD262084BC00A61DD4 /* Groups.swift */,
			);
			path = Model;
			sourceTree = "<group>";
		};
		BEB42988267E49F8000DC5EA /* PhotosModule */ = {
			isa = PBXGroup;
			children = (
				BEB4298B267E4A18000DC5EA /* Model */,
				BEB4298A267E4A10000DC5EA /* View */,
				BEB42989267E4A07000DC5EA /* Presenter */,
			);
			path = PhotosModule;
			sourceTree = "<group>";
		};
		BEB42989267E4A07000DC5EA /* Presenter */ = {
			isa = PBXGroup;
			children = (
				BEB4298C267E4A75000DC5EA /* PhotosPresenter.swift */,
			);
			path = Presenter;
			sourceTree = "<group>";
		};
		BEB4298A267E4A10000DC5EA /* View */ = {
			isa = PBXGroup;
			children = (
				BEF4682626341EE500E6C7DD /* PhotosViewController.swift */,
				BE21956926205B8800ED9259 /* PhotoCollectionViewCell.swift */,
				BE21956A26205B8800ED9259 /* PhotoCollectionViewCell.xib */,
			);
			path = View;
			sourceTree = "<group>";
		};
		BEB4298B267E4A18000DC5EA /* Model */ = {
			isa = PBXGroup;
			children = (
				BEF2CB83265E8F160063ED2B /* Photo.swift */,
			);
			path = Model;
			sourceTree = "<group>";
		};
		BEB4298E267E5492000DC5EA /* SearchGroupsModule */ = {
			isa = PBXGroup;
			children = (
				BEB42991267E54B9000DC5EA /* Model */,
				BEB42990267E54AD000DC5EA /* View */,
				BEB4298F267E54A2000DC5EA /* Presenter */,
			);
			path = SearchGroupsModule;
			sourceTree = "<group>";
		};
		BEB4298F267E54A2000DC5EA /* Presenter */ = {
			isa = PBXGroup;
			children = (
				BEB42992267E55B2000DC5EA /* SearchGroupsPresenter.swift */,
			);
			path = Presenter;
			sourceTree = "<group>";
		};
		BEB42990267E54AD000DC5EA /* View */ = {
			isa = PBXGroup;
			children = (
				BE7CBFAA2620807F00A61DD4 /* SearchTableViewController.swift */,
			);
			path = View;
			sourceTree = "<group>";
		};
		BEB42991267E54B9000DC5EA /* Model */ = {
			isa = PBXGroup;
			children = (
			);
			path = Model;
			sourceTree = "<group>";
		};
		BEB42994267E5C8B000DC5EA /* LoginModule */ = {
			isa = PBXGroup;
			children = (
				BEB42997267E5CB9000DC5EA /* Model */,
				BEB42996267E5CAA000DC5EA /* View */,
				BEB42995267E5C9F000DC5EA /* Presenter */,
			);
			path = LoginModule;
			sourceTree = "<group>";
		};
		BEB42995267E5C9F000DC5EA /* Presenter */ = {
			isa = PBXGroup;
			children = (
				BEB42998267E5CDF000DC5EA /* LoginPresenter.swift */,
			);
			path = Presenter;
			sourceTree = "<group>";
		};
		BEB42996267E5CAA000DC5EA /* View */ = {
			isa = PBXGroup;
			children = (
				BE0AB9E5265C9E490057BDC4 /* LoginWebViewController.swift */,
			);
			path = View;
			sourceTree = "<group>";
		};
		BEB42997267E5CB9000DC5EA /* Model */ = {
			isa = PBXGroup;
			children = (
			);
			path = Model;
			sourceTree = "<group>";
		};
		BEB4299A26811527000DC5EA /* NewsModule */ = {
			isa = PBXGroup;
			children = (
				BEB4299D2681154E000DC5EA /* Model */,
				BEB4299C26811545000DC5EA /* View */,
				BEB4299B2681153B000DC5EA /* Presenter */,
			);
			path = NewsModule;
			sourceTree = "<group>";
		};
		BEB4299B2681153B000DC5EA /* Presenter */ = {
			isa = PBXGroup;
			children = (
				BEB4299E26811561000DC5EA /* NewsPresenter.swift */,
			);
			path = Presenter;
			sourceTree = "<group>";
		};
		BEB4299C26811545000DC5EA /* View */ = {
			isa = PBXGroup;
			children = (
				BEEA83D0262EE3680029C997 /* NewsViewController.swift */,
				BEEA83D4262EE3C10029C997 /* NewsTableViewCell.swift */,
				BEEA83D5262EE3C10029C997 /* NewsTableViewCell.xib */,
				BE26FDDE2641A54500049E76 /* NewsCell.swift */,
				BE26FDDF2641A54500049E76 /* NewsCell.xib */,
			);
			path = View;
			sourceTree = "<group>";
		};
		BEB4299D2681154E000DC5EA /* Model */ = {
			isa = PBXGroup;
			children = (
				BEB429A02681159B000DC5EA /* News.swift */,
			);
			path = Model;
			sourceTree = "<group>";
		};
		BEC4B086263C000A00B517C8 /* Interaction controllers */ = {
			isa = PBXGroup;
			children = (
				BE861F8A263B43FF00FF9678 /* InteractiveTransition.swift */,
			);
			path = "Interaction controllers";
			sourceTree = "<group>";
		};
		BEDB752C2632E0A700F89977 /* Loading */ = {
			isa = PBXGroup;
			children = (
				BEDB752D2632E0CE00F89977 /* LoadingViewController.swift */,
			);
			path = Loading;
			sourceTree = "<group>";
		};
		BEFB9EAB2649655E00DE1678 /* Controllers */ = {
			isa = PBXGroup;
			children = (
				BEDB752C2632E0A700F89977 /* Loading */,
				BE04F5432637EDF0000FD010 /* Login */,
				BE861F89263B42D800FF9678 /* CustomViewControllers */,
				BEC4B086263C000A00B517C8 /* Interaction controllers */,
				BE861F88263B42A700FF9678 /* Animation Controllers */,
			);
			path = Controllers;
			sourceTree = "<group>";
		};
		E74ADD7EEF076CCA12A83685 /* Frameworks */ = {
			isa = PBXGroup;
			children = (
				AFAF5C88AAFB2BB2800E2D33 /* Pods_GrishaVinyarFirst.framework */,
			);
			name = Frameworks;
			sourceTree = "<group>";
		};
/* End PBXGroup section */

/* Begin PBXNativeTarget section */
		BEA301382618E7EC00259CF1 /* GrishaVinyarFirst */ = {
			isa = PBXNativeTarget;
			buildConfigurationList = BEA3014D2618E7EF00259CF1 /* Build configuration list for PBXNativeTarget "GrishaVinyarFirst" */;
			buildPhases = (
				79E5E3BBD0BDAC1B11B33906 /* [CP] Check Pods Manifest.lock */,
				BEA301352618E7EC00259CF1 /* Sources */,
				BEA301362618E7EC00259CF1 /* Frameworks */,
				BEA301372618E7EC00259CF1 /* Resources */,
				69C0DF164447FEA728AF4AE1 /* [CP] Embed Pods Frameworks */,
			);
			buildRules = (
			);
			dependencies = (
			);
			name = GrishaVinyarFirst;
			productName = GrishaVinyarFirst;
			productReference = BEA301392618E7ED00259CF1 /* GrishaVinyarFirst.app */;
			productType = "com.apple.product-type.application";
		};
/* End PBXNativeTarget section */

/* Begin PBXProject section */
		BEA301312618E7EC00259CF1 /* Project object */ = {
			isa = PBXProject;
			attributes = {
				LastSwiftUpdateCheck = 1240;
				LastUpgradeCheck = 1240;
				TargetAttributes = {
					BEA301382618E7EC00259CF1 = {
						CreatedOnToolsVersion = 12.4;
					};
				};
			};
			buildConfigurationList = BEA301342618E7EC00259CF1 /* Build configuration list for PBXProject "GrishaVinyarFirst" */;
			compatibilityVersion = "Xcode 9.3";
			developmentRegion = en;
			hasScannedForEncodings = 0;
			knownRegions = (
				en,
				Base,
			);
			mainGroup = BEA301302618E7EC00259CF1;
			productRefGroup = BEA3013A2618E7ED00259CF1 /* Products */;
			projectDirPath = "";
			projectRoot = "";
			targets = (
				BEA301382618E7EC00259CF1 /* GrishaVinyarFirst */,
			);
		};
/* End PBXProject section */

/* Begin PBXResourcesBuildPhase section */
		BEA301372618E7EC00259CF1 /* Resources */ = {
			isa = PBXResourcesBuildPhase;
			buildActionMask = 2147483647;
			files = (
				BEA301492618E7EF00259CF1 /* LaunchScreen.storyboard in Resources */,
				BEA301462618E7EF00259CF1 /* Assets.xcassets in Resources */,
				BEA301442618E7ED00259CF1 /* Main.storyboard in Resources */,
				BEEA83D7262EE3C10029C997 /* NewsTableViewCell.xib in Resources */,
				BE21956C26205B8800ED9259 /* PhotoCollectionViewCell.xib in Resources */,
				BEBD93CC2677DEA60010B5F8 /* GoogleService-Info.plist in Resources */,
				BEB8A45C261C4D34004CD850 /* Second.storyboard in Resources */,
				BEB8A458261C4D1B004CD850 /* First.storyboard in Resources */,
				BE26FDE12641A54500049E76 /* NewsCell.xib in Resources */,
				BEEA83CC262EE2860029C997 /* Third.storyboard in Resources */,
			);
			runOnlyForDeploymentPostprocessing = 0;
		};
/* End PBXResourcesBuildPhase section */

/* Begin PBXShellScriptBuildPhase section */
		69C0DF164447FEA728AF4AE1 /* [CP] Embed Pods Frameworks */ = {
			isa = PBXShellScriptBuildPhase;
			buildActionMask = 2147483647;
			files = (
			);
			inputFileListPaths = (
				"${PODS_ROOT}/Target Support Files/Pods-GrishaVinyarFirst/Pods-GrishaVinyarFirst-frameworks-${CONFIGURATION}-input-files.xcfilelist",
			);
			name = "[CP] Embed Pods Frameworks";
			outputFileListPaths = (
				"${PODS_ROOT}/Target Support Files/Pods-GrishaVinyarFirst/Pods-GrishaVinyarFirst-frameworks-${CONFIGURATION}-output-files.xcfilelist",
			);
			runOnlyForDeploymentPostprocessing = 0;
			shellPath = /bin/sh;
			shellScript = "\"${PODS_ROOT}/Target Support Files/Pods-GrishaVinyarFirst/Pods-GrishaVinyarFirst-frameworks.sh\"\n";
			showEnvVarsInLog = 0;
		};
		79E5E3BBD0BDAC1B11B33906 /* [CP] Check Pods Manifest.lock */ = {
			isa = PBXShellScriptBuildPhase;
			buildActionMask = 2147483647;
			files = (
			);
			inputFileListPaths = (
			);
			inputPaths = (
				"${PODS_PODFILE_DIR_PATH}/Podfile.lock",
				"${PODS_ROOT}/Manifest.lock",
			);
			name = "[CP] Check Pods Manifest.lock";
			outputFileListPaths = (
			);
			outputPaths = (
				"$(DERIVED_FILE_DIR)/Pods-GrishaVinyarFirst-checkManifestLockResult.txt",
			);
			runOnlyForDeploymentPostprocessing = 0;
			shellPath = /bin/sh;
			shellScript = "diff \"${PODS_PODFILE_DIR_PATH}/Podfile.lock\" \"${PODS_ROOT}/Manifest.lock\" > /dev/null\nif [ $? != 0 ] ; then\n    # print error to STDERR\n    echo \"error: The sandbox is not in sync with the Podfile.lock. Run 'pod install' or update your CocoaPods installation.\" >&2\n    exit 1\nfi\n# This output is used by Xcode 'outputs' to avoid re-running this script phase.\necho \"SUCCESS\" > \"${SCRIPT_OUTPUT_FILE_0}\"\n";
			showEnvVarsInLog = 0;
		};
/* End PBXShellScriptBuildPhase section */

/* Begin PBXSourcesBuildPhase section */
		BEA301352618E7EC00259CF1 /* Sources */ = {
			isa = PBXSourcesBuildPhase;
			buildActionMask = 2147483647;
			files = (
				BEDC5334263AABAE00DF55AE /* PopAnimator.swift in Sources */,
				BEDC5330263AA20A00DF55AE /* CustomNavigationController.swift in Sources */,
				BEB4298D267E4A75000DC5EA /* PhotosPresenter.swift in Sources */,
				BE7CBFA62620749D00A61DD4 /* GroupTableViewCell.swift in Sources */,
				BEB42993267E55B2000DC5EA /* SearchGroupsPresenter.swift in Sources */,
				BE5468BA265F5E9B007BDC52 /* Group.swift in Sources */,
				BEF4682726341EE500E6C7DD /* PhotosViewController.swift in Sources */,
				BEB4297B2678A95B000DC5EA /* GroupFB.swift in Sources */,
				BEDB752E2632E0CE00F89977 /* LoadingViewController.swift in Sources */,
				BEB42999267E5CDF000DC5EA /* LoginPresenter.swift in Sources */,
				BEA301412618E7ED00259CF1 /* LoginViewController.swift in Sources */,
				BEB429A12681159B000DC5EA /* News.swift in Sources */,
				BEB42987267E3EAA000DC5EA /* GroupsPresenter.swift in Sources */,
				BEA05A28265D53BB00D1C2DE /* NetworkingConstans.swift in Sources */,
				BE7CBFA22620744A00A61DD4 /* GroupsTableViewController.swift in Sources */,
				BE7CBFBA2620835000A61DD4 /* DataStorage.swift in Sources */,
				BEB4299F26811561000DC5EA /* NewsPresenter.swift in Sources */,
				BE7BF56D2658A4C4005A6718 /* SessionApp.swift in Sources */,
				BE7CBFBE262084BC00A61DD4 /* Groups.swift in Sources */,
				BEB42981267DF2BD000DC5EA /* FriendsPresenter.swift in Sources */,
				BE9BE83F2620540500B5C86F /* FriendTableViewCell.swift in Sources */,
				BE0AB9E8265CBB390057BDC4 /* NetworkingService.swift in Sources */,
				BE0AB9E6265C9E4A0057BDC4 /* LoginWebViewController.swift in Sources */,
				BE861F8B263B43FF00FF9678 /* InteractiveTransition.swift in Sources */,
				BE21956B26205B8800ED9259 /* PhotoCollectionViewCell.swift in Sources */,
				BE7CBFAB2620807F00A61DD4 /* SearchTableViewController.swift in Sources */,
				BEA3013D2618E7ED00259CF1 /* AppDelegate.swift in Sources */,
				BEDC5332263AA28D00DF55AE /* PushAnimator.swift in Sources */,
				BE8A1552262C27BF009B627C /* FriendViewController.swift in Sources */,
				BEF2CB82265E54AA0063ED2B /* User.swift in Sources */,
				BEA3013F2618E7ED00259CF1 /* SceneDelegate.swift in Sources */,
				BEB4337C266BE67100EDB74F /* RealmManager.swift in Sources */,
				BEEA83D1262EE3680029C997 /* NewsViewController.swift in Sources */,
				BEB4297926786509000DC5EA /* FirebaseStore.swift in Sources */,
				BEEA83D6262EE3C10029C997 /* NewsTableViewCell.swift in Sources */,
				BE26FDE02641A54500049E76 /* NewsCell.swift in Sources */,
				BEF2CB84265E8F160063ED2B /* Photo.swift in Sources */,
			);
			runOnlyForDeploymentPostprocessing = 0;
		};
/* End PBXSourcesBuildPhase section */

/* Begin PBXVariantGroup section */
		BEA301422618E7ED00259CF1 /* Main.storyboard */ = {
			isa = PBXVariantGroup;
			children = (
				BEA301432618E7ED00259CF1 /* Base */,
			);
			name = Main.storyboard;
			sourceTree = "<group>";
		};
		BEA301472618E7EF00259CF1 /* LaunchScreen.storyboard */ = {
			isa = PBXVariantGroup;
			children = (
				BEA301482618E7EF00259CF1 /* Base */,
			);
			name = LaunchScreen.storyboard;
			sourceTree = "<group>";
		};
/* End PBXVariantGroup section */

/* Begin XCBuildConfiguration section */
		BEA3014B2618E7EF00259CF1 /* Debug */ = {
			isa = XCBuildConfiguration;
			buildSettings = {
				ALWAYS_SEARCH_USER_PATHS = NO;
				CLANG_ANALYZER_NONNULL = YES;
				CLANG_ANALYZER_NUMBER_OBJECT_CONVERSION = YES_AGGRESSIVE;
				CLANG_CXX_LANGUAGE_STANDARD = "gnu++14";
				CLANG_CXX_LIBRARY = "libc++";
				CLANG_ENABLE_MODULES = YES;
				CLANG_ENABLE_OBJC_ARC = YES;
				CLANG_ENABLE_OBJC_WEAK = YES;
				CLANG_WARN_BLOCK_CAPTURE_AUTORELEASING = YES;
				CLANG_WARN_BOOL_CONVERSION = YES;
				CLANG_WARN_COMMA = YES;
				CLANG_WARN_CONSTANT_CONVERSION = YES;
				CLANG_WARN_DEPRECATED_OBJC_IMPLEMENTATIONS = YES;
				CLANG_WARN_DIRECT_OBJC_ISA_USAGE = YES_ERROR;
				CLANG_WARN_DOCUMENTATION_COMMENTS = YES;
				CLANG_WARN_EMPTY_BODY = YES;
				CLANG_WARN_ENUM_CONVERSION = YES;
				CLANG_WARN_INFINITE_RECURSION = YES;
				CLANG_WARN_INT_CONVERSION = YES;
				CLANG_WARN_NON_LITERAL_NULL_CONVERSION = YES;
				CLANG_WARN_OBJC_IMPLICIT_RETAIN_SELF = YES;
				CLANG_WARN_OBJC_LITERAL_CONVERSION = YES;
				CLANG_WARN_OBJC_ROOT_CLASS = YES_ERROR;
				CLANG_WARN_QUOTED_INCLUDE_IN_FRAMEWORK_HEADER = YES;
				CLANG_WARN_RANGE_LOOP_ANALYSIS = YES;
				CLANG_WARN_STRICT_PROTOTYPES = YES;
				CLANG_WARN_SUSPICIOUS_MOVE = YES;
				CLANG_WARN_UNGUARDED_AVAILABILITY = YES_AGGRESSIVE;
				CLANG_WARN_UNREACHABLE_CODE = YES;
				CLANG_WARN__DUPLICATE_METHOD_MATCH = YES;
				COPY_PHASE_STRIP = NO;
				DEBUG_INFORMATION_FORMAT = dwarf;
				ENABLE_STRICT_OBJC_MSGSEND = YES;
				ENABLE_TESTABILITY = YES;
				GCC_C_LANGUAGE_STANDARD = gnu11;
				GCC_DYNAMIC_NO_PIC = NO;
				GCC_NO_COMMON_BLOCKS = YES;
				GCC_OPTIMIZATION_LEVEL = 0;
				GCC_PREPROCESSOR_DEFINITIONS = (
					"DEBUG=1",
					"$(inherited)",
				);
				GCC_WARN_64_TO_32_BIT_CONVERSION = YES;
				GCC_WARN_ABOUT_RETURN_TYPE = YES_ERROR;
				GCC_WARN_UNDECLARED_SELECTOR = YES;
				GCC_WARN_UNINITIALIZED_AUTOS = YES_AGGRESSIVE;
				GCC_WARN_UNUSED_FUNCTION = YES;
				GCC_WARN_UNUSED_VARIABLE = YES;
				IPHONEOS_DEPLOYMENT_TARGET = 14.4;
				MTL_ENABLE_DEBUG_INFO = INCLUDE_SOURCE;
				MTL_FAST_MATH = YES;
				ONLY_ACTIVE_ARCH = YES;
				SDKROOT = iphoneos;
				SWIFT_ACTIVE_COMPILATION_CONDITIONS = DEBUG;
				SWIFT_OPTIMIZATION_LEVEL = "-Onone";
			};
			name = Debug;
		};
		BEA3014C2618E7EF00259CF1 /* Release */ = {
			isa = XCBuildConfiguration;
			buildSettings = {
				ALWAYS_SEARCH_USER_PATHS = NO;
				CLANG_ANALYZER_NONNULL = YES;
				CLANG_ANALYZER_NUMBER_OBJECT_CONVERSION = YES_AGGRESSIVE;
				CLANG_CXX_LANGUAGE_STANDARD = "gnu++14";
				CLANG_CXX_LIBRARY = "libc++";
				CLANG_ENABLE_MODULES = YES;
				CLANG_ENABLE_OBJC_ARC = YES;
				CLANG_ENABLE_OBJC_WEAK = YES;
				CLANG_WARN_BLOCK_CAPTURE_AUTORELEASING = YES;
				CLANG_WARN_BOOL_CONVERSION = YES;
				CLANG_WARN_COMMA = YES;
				CLANG_WARN_CONSTANT_CONVERSION = YES;
				CLANG_WARN_DEPRECATED_OBJC_IMPLEMENTATIONS = YES;
				CLANG_WARN_DIRECT_OBJC_ISA_USAGE = YES_ERROR;
				CLANG_WARN_DOCUMENTATION_COMMENTS = YES;
				CLANG_WARN_EMPTY_BODY = YES;
				CLANG_WARN_ENUM_CONVERSION = YES;
				CLANG_WARN_INFINITE_RECURSION = YES;
				CLANG_WARN_INT_CONVERSION = YES;
				CLANG_WARN_NON_LITERAL_NULL_CONVERSION = YES;
				CLANG_WARN_OBJC_IMPLICIT_RETAIN_SELF = YES;
				CLANG_WARN_OBJC_LITERAL_CONVERSION = YES;
				CLANG_WARN_OBJC_ROOT_CLASS = YES_ERROR;
				CLANG_WARN_QUOTED_INCLUDE_IN_FRAMEWORK_HEADER = YES;
				CLANG_WARN_RANGE_LOOP_ANALYSIS = YES;
				CLANG_WARN_STRICT_PROTOTYPES = YES;
				CLANG_WARN_SUSPICIOUS_MOVE = YES;
				CLANG_WARN_UNGUARDED_AVAILABILITY = YES_AGGRESSIVE;
				CLANG_WARN_UNREACHABLE_CODE = YES;
				CLANG_WARN__DUPLICATE_METHOD_MATCH = YES;
				COPY_PHASE_STRIP = NO;
				DEBUG_INFORMATION_FORMAT = "dwarf-with-dsym";
				ENABLE_NS_ASSERTIONS = NO;
				ENABLE_STRICT_OBJC_MSGSEND = YES;
				GCC_C_LANGUAGE_STANDARD = gnu11;
				GCC_NO_COMMON_BLOCKS = YES;
				GCC_WARN_64_TO_32_BIT_CONVERSION = YES;
				GCC_WARN_ABOUT_RETURN_TYPE = YES_ERROR;
				GCC_WARN_UNDECLARED_SELECTOR = YES;
				GCC_WARN_UNINITIALIZED_AUTOS = YES_AGGRESSIVE;
				GCC_WARN_UNUSED_FUNCTION = YES;
				GCC_WARN_UNUSED_VARIABLE = YES;
				IPHONEOS_DEPLOYMENT_TARGET = 14.4;
				MTL_ENABLE_DEBUG_INFO = NO;
				MTL_FAST_MATH = YES;
				SDKROOT = iphoneos;
				SWIFT_COMPILATION_MODE = wholemodule;
				SWIFT_OPTIMIZATION_LEVEL = "-O";
				VALIDATE_PRODUCT = YES;
			};
			name = Release;
		};
		BEA3014E2618E7EF00259CF1 /* Debug */ = {
			isa = XCBuildConfiguration;
			baseConfigurationReference = 9CBF85E77667C8769ECA72F4 /* Pods-GrishaVinyarFirst.debug.xcconfig */;
			buildSettings = {
				ASSETCATALOG_COMPILER_APPICON_NAME = AppIcon;
				ASSETCATALOG_COMPILER_GLOBAL_ACCENT_COLOR_NAME = AccentColor;
				CODE_SIGN_STYLE = Automatic;
				DEVELOPMENT_TEAM = H5W6DUL8QB;
				INFOPLIST_FILE = GrishaVinyarFirst/Info.plist;
				LD_RUNPATH_SEARCH_PATHS = (
					"$(inherited)",
					"@executable_path/Frameworks",
				);
				PRODUCT_BUNDLE_IDENTIFIER = "Vinyar-project.GrishaVinyarFirst";
				PRODUCT_NAME = "$(TARGET_NAME)";
				SWIFT_VERSION = 5.0;
				TARGETED_DEVICE_FAMILY = "1,2";
			};
			name = Debug;
		};
		BEA3014F2618E7EF00259CF1 /* Release */ = {
			isa = XCBuildConfiguration;
			baseConfigurationReference = C0B73B7B6DF8AAF7AFB1564D /* Pods-GrishaVinyarFirst.release.xcconfig */;
			buildSettings = {
				ASSETCATALOG_COMPILER_APPICON_NAME = AppIcon;
				ASSETCATALOG_COMPILER_GLOBAL_ACCENT_COLOR_NAME = AccentColor;
				CODE_SIGN_STYLE = Automatic;
				DEVELOPMENT_TEAM = H5W6DUL8QB;
				INFOPLIST_FILE = GrishaVinyarFirst/Info.plist;
				LD_RUNPATH_SEARCH_PATHS = (
					"$(inherited)",
					"@executable_path/Frameworks",
				);
				PRODUCT_BUNDLE_IDENTIFIER = "Vinyar-project.GrishaVinyarFirst";
				PRODUCT_NAME = "$(TARGET_NAME)";
				SWIFT_VERSION = 5.0;
				TARGETED_DEVICE_FAMILY = "1,2";
			};
			name = Release;
		};
/* End XCBuildConfiguration section */

/* Begin XCConfigurationList section */
		BEA301342618E7EC00259CF1 /* Build configuration list for PBXProject "GrishaVinyarFirst" */ = {
			isa = XCConfigurationList;
			buildConfigurations = (
				BEA3014B2618E7EF00259CF1 /* Debug */,
				BEA3014C2618E7EF00259CF1 /* Release */,
			);
			defaultConfigurationIsVisible = 0;
			defaultConfigurationName = Release;
		};
		BEA3014D2618E7EF00259CF1 /* Build configuration list for PBXNativeTarget "GrishaVinyarFirst" */ = {
			isa = XCConfigurationList;
			buildConfigurations = (
				BEA3014E2618E7EF00259CF1 /* Debug */,
				BEA3014F2618E7EF00259CF1 /* Release */,
			);
			defaultConfigurationIsVisible = 0;
			defaultConfigurationName = Release;
		};
/* End XCConfigurationList section */
	};
	rootObject = BEA301312618E7EC00259CF1 /* Project object */;
}
